
Microsoft Visual Studio Solution File, Format Version 12.00
# Visual Studio Version 16
VisualStudioVersion = 16.0.33027.164
MinimumVisualStudioVersion = 10.0.40219.1
Project("{FAE04EC0-301F-11D3-BF4B-00C04F79EFBC}") = "TheGameTTHKSharp", "TheGameTTHKSharp\TheGameTTHKSharp.csproj", "{CEF58C0C-D322-4AF3-8392-0266FDB9E287}"
EndProject
Global
	GlobalSection(SolutionConfigurationPlatforms) = preSolution
		Debug|Any CPU = Debug|Any CPU
		Release|Any CPU = Release|Any CPU
	EndGlobalSection
	GlobalSection(ProjectConfigurationPlatforms) = postSolution
		{CEF58C0C-D322-4AF3-8392-0266FDB9E287}.Debug|Any CPU.ActiveCfg = Debug|Any CPU
		{CEF58C0C-D322-4AF3-8392-0266FDB9E287}.Debug|Any CPU.Build.0 = Debug|Any CPU
		{CEF58C0C-D322-4AF3-8392-0266FDB9E287}.Release|Any CPU.ActiveCfg = Release|Any CPU
		{CEF58C0C-D322-4AF3-8392-0266FDB9E287}.Release|Any CPU.Build.0 = Release|Any CPU
	EndGlobalSection
	GlobalSection(SolutionProperties) = preSolution
		HideSolutionNode = FALSE
	EndGlobalSection
	GlobalSection(ExtensibilityGlobals) = postSolution
		SolutionGuid = {195DD585-3DCD-4FAF-A9AA-B3D9804CE79B}
	EndGlobalSection
EndGlobal
